
Microsoft Visual Studio Solution File, Format Version 12.00
# Visual Studio Version 17
VisualStudioVersion = 17.14.36127.28
MinimumVisualStudioVersion = 10.0.40219.1
Project("{FAE04EC0-301F-11D3-BF4B-00C04F79EFBC}") = "TestQuit", "TestQuit\TestQuit.csproj", "{1DC4C0A8-F277-49B5-A3DB-A4D3EB883250}"
EndProject
Project("{FAE04EC0-301F-11D3-BF4B-00C04F79EFBC}") = "TestFood", "TestFood\TestFood.csproj", "{8946141F-63CE-4538-B46C-CF5B1FC35B8C}"
EndProject
Global
	GlobalSection(SolutionConfigurationPlatforms) = preSolution
		Debug|Any CPU = Debug|Any CPU
		Release|Any CPU = Release|Any CPU
	EndGlobalSection
	GlobalSection(ProjectConfigurationPlatforms) = postSolution
		{1DC4C0A8-F277-49B5-A3DB-A4D3EB883250}.Debug|Any CPU.ActiveCfg = Debug|Any CPU
		{1DC4C0A8-F277-49B5-A3DB-A4D3EB883250}.Debug|Any CPU.Build.0 = Debug|Any CPU
		{1DC4C0A8-F277-49B5-A3DB-A4D3EB883250}.Release|Any CPU.ActiveCfg = Release|Any CPU
		{1DC4C0A8-F277-49B5-A3DB-A4D3EB883250}.Release|Any CPU.Build.0 = Release|Any CPU
		{8946141F-63CE-4538-B46C-CF5B1FC35B8C}.Debug|Any CPU.ActiveCfg = Debug|Any CPU
		{8946141F-63CE-4538-B46C-CF5B1FC35B8C}.Debug|Any CPU.Build.0 = Debug|Any CPU
		{8946141F-63CE-4538-B46C-CF5B1FC35B8C}.Release|Any CPU.ActiveCfg = Release|Any CPU
		{8946141F-63CE-4538-B46C-CF5B1FC35B8C}.Release|Any CPU.Build.0 = Release|Any CPU
	EndGlobalSection
	GlobalSection(SolutionProperties) = preSolution
		HideSolutionNode = FALSE
	EndGlobalSection
	GlobalSection(ExtensibilityGlobals) = postSolution
		SolutionGuid = {AA987E39-0CF2-4386-A31E-18FB7AF11073}
	EndGlobalSection
EndGlobal
